
Microsoft Visual Studio Solution File, Format Version 12.00
# Visual Studio Version 16
VisualStudioVersion = 16.0.29025.244
MinimumVisualStudioVersion = 10.0.40219.1
Project("{FAE04EC0-301F-11D3-BF4B-00C04F79EFBC}") = "01_Cafe", "SecondGold\01_Cafe.csproj", "{EFAE7003-714D-4AF2-B522-90E9A978D042}"
EndProject
Project("{FAE04EC0-301F-11D3-BF4B-00C04F79EFBC}") = "01_CafeTest", "01_CafeTest\01_CafeTest.csproj", "{F1276F10-52AE-4018-9962-B094F9AC59C8}"
EndProject
Project("{FAE04EC0-301F-11D3-BF4B-00C04F79EFBC}") = "01_CafeUI", "01_CafeUI\01_CafeUI.csproj", "{98EBA003-6725-4269-BF0E-4F54EE1895E1}"
EndProject
Project("{2150E333-8FDC-42A3-9474-1A3956D46DE8}") = "01_KCafe", "01_KCafe", "{6624BDBD-7E43-4862-A61A-B810ABB5088A}"
EndProject
Project("{2150E333-8FDC-42A3-9474-1A3956D46DE8}") = "02_KClaims", "02_KClaims", "{A2B0E629-2136-42D9-B3A0-029B35D7E91C}"
EndProject
Project("{9A19103F-16F7-4668-BE54-9A1E7A4F7556}") = "02_Claims", "02_Claims\02_Claims.csproj", "{CD5C4933-DD97-4FF4-9349-22EE1E93E840}"
EndProject
Project("{FAE04EC0-301F-11D3-BF4B-00C04F79EFBC}") = "02_KClaimTest", "02_KClaimTest\02_KClaimTest.csproj", "{07762CBD-AE67-4797-BD16-F2C113945311}"
EndProject
Project("{FAE04EC0-301F-11D3-BF4B-00C04F79EFBC}") = "02_KClaimsUI", "02_KClaims\02_KClaimsUI.csproj", "{22814748-BD1C-4F4B-9BA6-5348E7CAB84E}"
EndProject
Project("{FAE04EC0-301F-11D3-BF4B-00C04F79EFBC}") = "KBadges", "KBadges\KBadges.csproj", "{0A41DC8F-9953-4806-BA44-3998DBF206A8}"
EndProject
Project("{2150E333-8FDC-42A3-9474-1A3956D46DE8}") = "03_KBagdes", "03_KBagdes", "{F4B443CC-B3A6-419E-AA2D-9599E86F2D6F}"
EndProject
Project("{FAE04EC0-301F-11D3-BF4B-00C04F79EFBC}") = "03_KBadgesTest", "03_KBadgesTest\03_KBadgesTest.csproj", "{3D225220-B5AD-4AF6-A03E-03F2D4A5E1B1}"
EndProject
Project("{FAE04EC0-301F-11D3-BF4B-00C04F79EFBC}") = "03_KBadgeUI", "03_KBadgeUI\03_KBadgeUI.csproj", "{1FC6C1F4-8572-4A6E-A4FA-29B3ECD80D3C}"
EndProject
Project("{FAE04EC0-301F-11D3-BF4B-00C04F79EFBC}") = "04_Outings", "04_Outings\04_Outings.csproj", "{B8D21260-4ACD-4EE8-8DBB-B137199D7828}"
EndProject
Project("{FAE04EC0-301F-11D3-BF4B-00C04F79EFBC}") = "04_OutingTest", "04_OutingTest\04_OutingTest.csproj", "{89F12687-031D-4AE0-87C1-27D53E32B159}"
EndProject
Project("{2150E333-8FDC-42A3-9474-1A3956D46DE8}") = "04_KOutings", "04_KOutings", "{62E78D8F-DC5A-46F6-9011-2B54D8F0DF55}"
EndProject
Project("{FAE04EC0-301F-11D3-BF4B-00C04F79EFBC}") = "04_KOutingUI", "04_KOutingUI\04_KOutingUI.csproj", "{91B3B5D5-1261-4F3C-85A6-804E4B042C13}"
EndProject
Project("{FAE04EC0-301F-11D3-BF4B-00C04F79EFBC}") = "05_KEmails", "05_KEmails\05_KEmails.csproj", "{D10A7F9C-A488-4B1A-9434-295E81BA470B}"
EndProject
Project("{FAE04EC0-301F-11D3-BF4B-00C04F79EFBC}") = "05_KEmailsTest", "04_KEmailsTest\05_KEmailsTest.csproj", "{EE6156A1-2AA5-4511-B8FF-D8C68F6C45E3}"
EndProject
Project("{2150E333-8FDC-42A3-9474-1A3956D46DE8}") = "05_KEmail", "05_KEmail", "{569836A2-E7DB-4FC6-88A6-A77E072B495D}"
EndProject
Project("{FAE04EC0-301F-11D3-BF4B-00C04F79EFBC}") = "05_EmailUI", "05_EmailUI\05_EmailUI.csproj", "{48D3FF1D-0C44-4DA2-A719-A8E53BC26264}"
EndProject
Project("{FAE04EC0-301F-11D3-BF4B-00C04F79EFBC}") = "06_KGreen", "06_KGreen\06_KGreen.csproj", "{8FB2D0C9-E930-4749-AF4E-839955B82648}"
EndProject
Project("{FAE04EC0-301F-11D3-BF4B-00C04F79EFBC}") = "06_KGreenTest", "06_KGreenTest\06_KGreenTest.csproj", "{B3C71D26-3DFE-4C4B-A707-C40492C48BF7}"
EndProject
Project("{2150E333-8FDC-42A3-9474-1A3956D46DE8}") = "06_KGreens", "06_KGreens", "{56C19C93-AA62-4D84-899B-E93EF06DB454}"
EndProject
Project("{FAE04EC0-301F-11D3-BF4B-00C04F79EFBC}") = "06_KGreenUI", "06_KGreenUI\06_KGreenUI.csproj", "{36F2F72C-00AE-4C10-8854-1CA1C6D99A7A}"
EndProject
Global
	GlobalSection(SolutionConfigurationPlatforms) = preSolution
		Debug|Any CPU = Debug|Any CPU
		Release|Any CPU = Release|Any CPU
	EndGlobalSection
	GlobalSection(ProjectConfigurationPlatforms) = postSolution
		{EFAE7003-714D-4AF2-B522-90E9A978D042}.Debug|Any CPU.ActiveCfg = Debug|Any CPU
		{EFAE7003-714D-4AF2-B522-90E9A978D042}.Debug|Any CPU.Build.0 = Debug|Any CPU
		{EFAE7003-714D-4AF2-B522-90E9A978D042}.Release|Any CPU.ActiveCfg = Release|Any CPU
		{EFAE7003-714D-4AF2-B522-90E9A978D042}.Release|Any CPU.Build.0 = Release|Any CPU
		{F1276F10-52AE-4018-9962-B094F9AC59C8}.Debug|Any CPU.ActiveCfg = Debug|Any CPU
		{F1276F10-52AE-4018-9962-B094F9AC59C8}.Debug|Any CPU.Build.0 = Debug|Any CPU
		{F1276F10-52AE-4018-9962-B094F9AC59C8}.Release|Any CPU.ActiveCfg = Release|Any CPU
		{F1276F10-52AE-4018-9962-B094F9AC59C8}.Release|Any CPU.Build.0 = Release|Any CPU
		{98EBA003-6725-4269-BF0E-4F54EE1895E1}.Debug|Any CPU.ActiveCfg = Debug|Any CPU
		{98EBA003-6725-4269-BF0E-4F54EE1895E1}.Debug|Any CPU.Build.0 = Debug|Any CPU
		{98EBA003-6725-4269-BF0E-4F54EE1895E1}.Release|Any CPU.ActiveCfg = Release|Any CPU
		{98EBA003-6725-4269-BF0E-4F54EE1895E1}.Release|Any CPU.Build.0 = Release|Any CPU
		{CD5C4933-DD97-4FF4-9349-22EE1E93E840}.Debug|Any CPU.ActiveCfg = Debug|Any CPU
		{CD5C4933-DD97-4FF4-9349-22EE1E93E840}.Debug|Any CPU.Build.0 = Debug|Any CPU
		{CD5C4933-DD97-4FF4-9349-22EE1E93E840}.Release|Any CPU.ActiveCfg = Release|Any CPU
		{CD5C4933-DD97-4FF4-9349-22EE1E93E840}.Release|Any CPU.Build.0 = Release|Any CPU
		{07762CBD-AE67-4797-BD16-F2C113945311}.Debug|Any CPU.ActiveCfg = Debug|Any CPU
		{07762CBD-AE67-4797-BD16-F2C113945311}.Debug|Any CPU.Build.0 = Debug|Any CPU
		{07762CBD-AE67-4797-BD16-F2C113945311}.Release|Any CPU.ActiveCfg = Release|Any CPU
		{07762CBD-AE67-4797-BD16-F2C113945311}.Release|Any CPU.Build.0 = Release|Any CPU
		{22814748-BD1C-4F4B-9BA6-5348E7CAB84E}.Debug|Any CPU.ActiveCfg = Debug|Any CPU
		{22814748-BD1C-4F4B-9BA6-5348E7CAB84E}.Debug|Any CPU.Build.0 = Debug|Any CPU
		{22814748-BD1C-4F4B-9BA6-5348E7CAB84E}.Release|Any CPU.ActiveCfg = Release|Any CPU
		{22814748-BD1C-4F4B-9BA6-5348E7CAB84E}.Release|Any CPU.Build.0 = Release|Any CPU
		{0A41DC8F-9953-4806-BA44-3998DBF206A8}.Debug|Any CPU.ActiveCfg = Debug|Any CPU
		{0A41DC8F-9953-4806-BA44-3998DBF206A8}.Debug|Any CPU.Build.0 = Debug|Any CPU
		{0A41DC8F-9953-4806-BA44-3998DBF206A8}.Release|Any CPU.ActiveCfg = Release|Any CPU
		{0A41DC8F-9953-4806-BA44-3998DBF206A8}.Release|Any CPU.Build.0 = Release|Any CPU
		{3D225220-B5AD-4AF6-A03E-03F2D4A5E1B1}.Debug|Any CPU.ActiveCfg = Debug|Any CPU
		{3D225220-B5AD-4AF6-A03E-03F2D4A5E1B1}.Debug|Any CPU.Build.0 = Debug|Any CPU
		{3D225220-B5AD-4AF6-A03E-03F2D4A5E1B1}.Release|Any CPU.ActiveCfg = Release|Any CPU
		{3D225220-B5AD-4AF6-A03E-03F2D4A5E1B1}.Release|Any CPU.Build.0 = Release|Any CPU
		{1FC6C1F4-8572-4A6E-A4FA-29B3ECD80D3C}.Debug|Any CPU.ActiveCfg = Debug|Any CPU
		{1FC6C1F4-8572-4A6E-A4FA-29B3ECD80D3C}.Debug|Any CPU.Build.0 = Debug|Any CPU
		{1FC6C1F4-8572-4A6E-A4FA-29B3ECD80D3C}.Release|Any CPU.ActiveCfg = Release|Any CPU
		{1FC6C1F4-8572-4A6E-A4FA-29B3ECD80D3C}.Release|Any CPU.Build.0 = Release|Any CPU
		{B8D21260-4ACD-4EE8-8DBB-B137199D7828}.Debug|Any CPU.ActiveCfg = Debug|Any CPU
		{B8D21260-4ACD-4EE8-8DBB-B137199D7828}.Debug|Any CPU.Build.0 = Debug|Any CPU
		{B8D21260-4ACD-4EE8-8DBB-B137199D7828}.Release|Any CPU.ActiveCfg = Release|Any CPU
		{B8D21260-4ACD-4EE8-8DBB-B137199D7828}.Release|Any CPU.Build.0 = Release|Any CPU
		{89F12687-031D-4AE0-87C1-27D53E32B159}.Debug|Any CPU.ActiveCfg = Debug|Any CPU
		{89F12687-031D-4AE0-87C1-27D53E32B159}.Debug|Any CPU.Build.0 = Debug|Any CPU
		{89F12687-031D-4AE0-87C1-27D53E32B159}.Release|Any CPU.ActiveCfg = Release|Any CPU
		{89F12687-031D-4AE0-87C1-27D53E32B159}.Release|Any CPU.Build.0 = Release|Any CPU
		{91B3B5D5-1261-4F3C-85A6-804E4B042C13}.Debug|Any CPU.ActiveCfg = Debug|Any CPU
		{91B3B5D5-1261-4F3C-85A6-804E4B042C13}.Debug|Any CPU.Build.0 = Debug|Any CPU
		{91B3B5D5-1261-4F3C-85A6-804E4B042C13}.Release|Any CPU.ActiveCfg = Release|Any CPU
		{91B3B5D5-1261-4F3C-85A6-804E4B042C13}.Release|Any CPU.Build.0 = Release|Any CPU
		{D10A7F9C-A488-4B1A-9434-295E81BA470B}.Debug|Any CPU.ActiveCfg = Debug|Any CPU
		{D10A7F9C-A488-4B1A-9434-295E81BA470B}.Debug|Any CPU.Build.0 = Debug|Any CPU
		{D10A7F9C-A488-4B1A-9434-295E81BA470B}.Release|Any CPU.ActiveCfg = Release|Any CPU
		{D10A7F9C-A488-4B1A-9434-295E81BA470B}.Release|Any CPU.Build.0 = Release|Any CPU
		{EE6156A1-2AA5-4511-B8FF-D8C68F6C45E3}.Debug|Any CPU.ActiveCfg = Debug|Any CPU
		{EE6156A1-2AA5-4511-B8FF-D8C68F6C45E3}.Debug|Any CPU.Build.0 = Debug|Any CPU
		{EE6156A1-2AA5-4511-B8FF-D8C68F6C45E3}.Release|Any CPU.ActiveCfg = Release|Any CPU
		{EE6156A1-2AA5-4511-B8FF-D8C68F6C45E3}.Release|Any CPU.Build.0 = Release|Any CPU
		{48D3FF1D-0C44-4DA2-A719-A8E53BC26264}.Debug|Any CPU.ActiveCfg = Debug|Any CPU
		{48D3FF1D-0C44-4DA2-A719-A8E53BC26264}.Debug|Any CPU.Build.0 = Debug|Any CPU
		{48D3FF1D-0C44-4DA2-A719-A8E53BC26264}.Release|Any CPU.ActiveCfg = Release|Any CPU
		{48D3FF1D-0C44-4DA2-A719-A8E53BC26264}.Release|Any CPU.Build.0 = Release|Any CPU
		{8FB2D0C9-E930-4749-AF4E-839955B82648}.Debug|Any CPU.ActiveCfg = Debug|Any CPU
		{8FB2D0C9-E930-4749-AF4E-839955B82648}.Debug|Any CPU.Build.0 = Debug|Any CPU
		{8FB2D0C9-E930-4749-AF4E-839955B82648}.Release|Any CPU.ActiveCfg = Release|Any CPU
		{8FB2D0C9-E930-4749-AF4E-839955B82648}.Release|Any CPU.Build.0 = Release|Any CPU
		{B3C71D26-3DFE-4C4B-A707-C40492C48BF7}.Debug|Any CPU.ActiveCfg = Debug|Any CPU
		{B3C71D26-3DFE-4C4B-A707-C40492C48BF7}.Debug|Any CPU.Build.0 = Debug|Any CPU
		{B3C71D26-3DFE-4C4B-A707-C40492C48BF7}.Release|Any CPU.ActiveCfg = Release|Any CPU
		{B3C71D26-3DFE-4C4B-A707-C40492C48BF7}.Release|Any CPU.Build.0 = Release|Any CPU
		{36F2F72C-00AE-4C10-8854-1CA1C6D99A7A}.Debug|Any CPU.ActiveCfg = Debug|Any CPU
		{36F2F72C-00AE-4C10-8854-1CA1C6D99A7A}.Debug|Any CPU.Build.0 = Debug|Any CPU
		{36F2F72C-00AE-4C10-8854-1CA1C6D99A7A}.Release|Any CPU.ActiveCfg = Release|Any CPU
		{36F2F72C-00AE-4C10-8854-1CA1C6D99A7A}.Release|Any CPU.Build.0 = Release|Any CPU
	EndGlobalSection
	GlobalSection(SolutionProperties) = preSolution
		HideSolutionNode = FALSE
	EndGlobalSection
	GlobalSection(NestedProjects) = preSolution
		{EFAE7003-714D-4AF2-B522-90E9A978D042} = {6624BDBD-7E43-4862-A61A-B810ABB5088A}
		{F1276F10-52AE-4018-9962-B094F9AC59C8} = {6624BDBD-7E43-4862-A61A-B810ABB5088A}
		{98EBA003-6725-4269-BF0E-4F54EE1895E1} = {6624BDBD-7E43-4862-A61A-B810ABB5088A}
		{CD5C4933-DD97-4FF4-9349-22EE1E93E840} = {A2B0E629-2136-42D9-B3A0-029B35D7E91C}
		{07762CBD-AE67-4797-BD16-F2C113945311} = {A2B0E629-2136-42D9-B3A0-029B35D7E91C}
		{22814748-BD1C-4F4B-9BA6-5348E7CAB84E} = {A2B0E629-2136-42D9-B3A0-029B35D7E91C}
		{0A41DC8F-9953-4806-BA44-3998DBF206A8} = {F4B443CC-B3A6-419E-AA2D-9599E86F2D6F}
		{3D225220-B5AD-4AF6-A03E-03F2D4A5E1B1} = {F4B443CC-B3A6-419E-AA2D-9599E86F2D6F}
		{1FC6C1F4-8572-4A6E-A4FA-29B3ECD80D3C} = {F4B443CC-B3A6-419E-AA2D-9599E86F2D6F}
		{B8D21260-4ACD-4EE8-8DBB-B137199D7828} = {62E78D8F-DC5A-46F6-9011-2B54D8F0DF55}
		{89F12687-031D-4AE0-87C1-27D53E32B159} = {62E78D8F-DC5A-46F6-9011-2B54D8F0DF55}
		{91B3B5D5-1261-4F3C-85A6-804E4B042C13} = {62E78D8F-DC5A-46F6-9011-2B54D8F0DF55}
		{D10A7F9C-A488-4B1A-9434-295E81BA470B} = {569836A2-E7DB-4FC6-88A6-A77E072B495D}
		{EE6156A1-2AA5-4511-B8FF-D8C68F6C45E3} = {569836A2-E7DB-4FC6-88A6-A77E072B495D}
		{48D3FF1D-0C44-4DA2-A719-A8E53BC26264} = {569836A2-E7DB-4FC6-88A6-A77E072B495D}
		{8FB2D0C9-E930-4749-AF4E-839955B82648} = {56C19C93-AA62-4D84-899B-E93EF06DB454}
		{B3C71D26-3DFE-4C4B-A707-C40492C48BF7} = {56C19C93-AA62-4D84-899B-E93EF06DB454}
		{36F2F72C-00AE-4C10-8854-1CA1C6D99A7A} = {56C19C93-AA62-4D84-899B-E93EF06DB454}
	EndGlobalSection
	GlobalSection(ExtensibilityGlobals) = postSolution
		SolutionGuid = {901DA0AC-BF0A-4B94-A1B0-A89A8A0BB99B}
	EndGlobalSection
EndGlobal
